// !$*UTF8*$!
{
	archiveVersion = 1;
	classes = {
	};
	objectVersion = 56;
	objects = {

/* Begin PBXBuildFile section */
		CC5409A32B9CC4CA00B6AD78 /* RepositoryItemView.swift in Sources */ = {isa = PBXBuildFile; fileRef = CC5409A22B9CC4C900B6AD78 /* RepositoryItemView.swift */; };
		CC5409A52B9CC9FF00B6AD78 /* Colors.swift in Sources */ = {isa = PBXBuildFile; fileRef = CC5409A42B9CC9FF00B6AD78 /* Colors.swift */; };
		CC82456A2B9BBC7200E20926 /* GitHubberApp.swift in Sources */ = {isa = PBXBuildFile; fileRef = CC8245692B9BBC7200E20926 /* GitHubberApp.swift */; };
		CC82456E2B9BBC7600E20926 /* Assets.xcassets in Resources */ = {isa = PBXBuildFile; fileRef = CC82456D2B9BBC7600E20926 /* Assets.xcassets */; };
		CC8245712B9BBC7600E20926 /* Preview Assets.xcassets in Resources */ = {isa = PBXBuildFile; fileRef = CC8245702B9BBC7600E20926 /* Preview Assets.xcassets */; };
		CC8245792B9BC1DD00E20926 /* RestApi.swift in Sources */ = {isa = PBXBuildFile; fileRef = CC8245782B9BC1DD00E20926 /* RestApi.swift */; };
		CC82457C2B9BC48F00E20926 /* GitHubApi.swift in Sources */ = {isa = PBXBuildFile; fileRef = CC82457B2B9BC48F00E20926 /* GitHubApi.swift */; };
		CC82457E2B9BC9E900E20926 /* GitHubModel.swift in Sources */ = {isa = PBXBuildFile; fileRef = CC82457D2B9BC9E900E20926 /* GitHubModel.swift */; };
		CC8245842B9C8AEC00E20926 /* UserListViewModel.swift in Sources */ = {isa = PBXBuildFile; fileRef = CC8245832B9C8AEC00E20926 /* UserListViewModel.swift */; };
		CC8245892B9C8BB200E20926 /* CombineExtensions.swift in Sources */ = {isa = PBXBuildFile; fileRef = CC8245882B9C8BB200E20926 /* CombineExtensions.swift */; };
		CC82458B2B9C8BCD00E20926 /* UserListView.swift in Sources */ = {isa = PBXBuildFile; fileRef = CC82458A2B9C8BCD00E20926 /* UserListView.swift */; };
		CC82458E2B9C90E600E20926 /* EmptyStateView.swift in Sources */ = {isa = PBXBuildFile; fileRef = CC82458D2B9C90E600E20926 /* EmptyStateView.swift */; };
		CC8245902B9C99A000E20926 /* UserItemView.swift in Sources */ = {isa = PBXBuildFile; fileRef = CC82458F2B9C99A000E20926 /* UserItemView.swift */; };
		CC8245922B9C9A1500E20926 /* UserAvatarView.swift in Sources */ = {isa = PBXBuildFile; fileRef = CC8245912B9C9A1500E20926 /* UserAvatarView.swift */; };
		CC8245952B9CA7F500E20926 /* AlertViewModel.swift in Sources */ = {isa = PBXBuildFile; fileRef = CC8245942B9CA7F500E20926 /* AlertViewModel.swift */; };
		CC8245982B9CAC5C00E20926 /* AlertModifier.swift in Sources */ = {isa = PBXBuildFile; fileRef = CC8245972B9CAC5C00E20926 /* AlertModifier.swift */; };
		CC82459B2B9CB76B00E20926 /* RepositoryListViewModel.swift in Sources */ = {isa = PBXBuildFile; fileRef = CC82459A2B9CB76B00E20926 /* RepositoryListViewModel.swift */; };
		CC82459E2B9CB7E300E20926 /* RepositoryListView.swift in Sources */ = {isa = PBXBuildFile; fileRef = CC82459D2B9CB7E300E20926 /* RepositoryListView.swift */; };
		CC8245A02B9CB84F00E20926 /* UserDetailsView.swift in Sources */ = {isa = PBXBuildFile; fileRef = CC82459F2B9CB84F00E20926 /* UserDetailsView.swift */; };
/* End PBXBuildFile section */

/* Begin PBXFileReference section */
		CC5409A22B9CC4C900B6AD78 /* RepositoryItemView.swift */ = {isa = PBXFileReference; lastKnownFileType = sourcecode.swift; path = RepositoryItemView.swift; sourceTree = "<group>"; };
		CC5409A42B9CC9FF00B6AD78 /* Colors.swift */ = {isa = PBXFileReference; lastKnownFileType = sourcecode.swift; path = Colors.swift; sourceTree = "<group>"; };
		CC8245662B9BBC7200E20926 /* GitHubber.app */ = {isa = PBXFileReference; explicitFileType = wrapper.application; includeInIndex = 0; path = GitHubber.app; sourceTree = BUILT_PRODUCTS_DIR; };
		CC8245692B9BBC7200E20926 /* GitHubberApp.swift */ = {isa = PBXFileReference; lastKnownFileType = sourcecode.swift; path = GitHubberApp.swift; sourceTree = "<group>"; };
		CC82456D2B9BBC7600E20926 /* Assets.xcassets */ = {isa = PBXFileReference; lastKnownFileType = folder.assetcatalog; path = Assets.xcassets; sourceTree = "<group>"; };
		CC8245702B9BBC7600E20926 /* Preview Assets.xcassets */ = {isa = PBXFileReference; lastKnownFileType = folder.assetcatalog; path = "Preview Assets.xcassets"; sourceTree = "<group>"; };
		CC8245782B9BC1DD00E20926 /* RestApi.swift */ = {isa = PBXFileReference; lastKnownFileType = sourcecode.swift; path = RestApi.swift; sourceTree = "<group>"; };
		CC82457B2B9BC48F00E20926 /* GitHubApi.swift */ = {isa = PBXFileReference; lastKnownFileType = sourcecode.swift; path = GitHubApi.swift; sourceTree = "<group>"; };
		CC82457D2B9BC9E900E20926 /* GitHubModel.swift */ = {isa = PBXFileReference; lastKnownFileType = sourcecode.swift; path = GitHubModel.swift; sourceTree = "<group>"; };
		CC8245832B9C8AEC00E20926 /* UserListViewModel.swift */ = {isa = PBXFileReference; lastKnownFileType = sourcecode.swift; path = UserListViewModel.swift; sourceTree = "<group>"; };
		CC8245882B9C8BB200E20926 /* CombineExtensions.swift */ = {isa = PBXFileReference; lastKnownFileType = sourcecode.swift; path = CombineExtensions.swift; sourceTree = "<group>"; };
		CC82458A2B9C8BCD00E20926 /* UserListView.swift */ = {isa = PBXFileReference; lastKnownFileType = sourcecode.swift; path = UserListView.swift; sourceTree = "<group>"; };
		CC82458D2B9C90E600E20926 /* EmptyStateView.swift */ = {isa = PBXFileReference; lastKnownFileType = sourcecode.swift; path = EmptyStateView.swift; sourceTree = "<group>"; };
		CC82458F2B9C99A000E20926 /* UserItemView.swift */ = {isa = PBXFileReference; lastKnownFileType = sourcecode.swift; path = UserItemView.swift; sourceTree = "<group>"; };
		CC8245912B9C9A1500E20926 /* UserAvatarView.swift */ = {isa = PBXFileReference; lastKnownFileType = sourcecode.swift; path = UserAvatarView.swift; sourceTree = "<group>"; };
		CC8245942B9CA7F500E20926 /* AlertViewModel.swift */ = {isa = PBXFileReference; lastKnownFileType = sourcecode.swift; path = AlertViewModel.swift; sourceTree = "<group>"; };
		CC8245972B9CAC5C00E20926 /* AlertModifier.swift */ = {isa = PBXFileReference; lastKnownFileType = sourcecode.swift; path = AlertModifier.swift; sourceTree = "<group>"; };
		CC82459A2B9CB76B00E20926 /* RepositoryListViewModel.swift */ = {isa = PBXFileReference; lastKnownFileType = sourcecode.swift; path = RepositoryListViewModel.swift; sourceTree = "<group>"; };
		CC82459D2B9CB7E300E20926 /* RepositoryListView.swift */ = {isa = PBXFileReference; lastKnownFileType = sourcecode.swift; path = RepositoryListView.swift; sourceTree = "<group>"; };
		CC82459F2B9CB84F00E20926 /* UserDetailsView.swift */ = {isa = PBXFileReference; lastKnownFileType = sourcecode.swift; path = UserDetailsView.swift; sourceTree = "<group>"; };
/* End PBXFileReference section */

/* Begin PBXFrameworksBuildPhase section */
		CC8245632B9BBC7200E20926 /* Frameworks */ = {
			isa = PBXFrameworksBuildPhase;
			buildActionMask = 2147483647;
			files = (
			);
			runOnlyForDeploymentPostprocessing = 0;
		};
/* End PBXFrameworksBuildPhase section */

/* Begin PBXGroup section */
		CC82455D2B9BBC7200E20926 = {
			isa = PBXGroup;
			children = (
				CC8245682B9BBC7200E20926 /* GitHubber */,
				CC8245672B9BBC7200E20926 /* Products */,
			);
			sourceTree = "<group>";
		};
		CC8245672B9BBC7200E20926 /* Products */ = {
			isa = PBXGroup;
			children = (
				CC8245662B9BBC7200E20926 /* GitHubber.app */,
			);
			name = Products;
			sourceTree = "<group>";
		};
		CC8245682B9BBC7200E20926 /* GitHubber */ = {
			isa = PBXGroup;
			children = (
				CC8245852B9C8B7D00E20926 /* Utils */,
				CC8245772B9BC19600E20926 /* API */,
				CC8245802B9C8AB200E20926 /* ViewModels */,
				CC82457F2B9C8AAC00E20926 /* Views */,
				CC8245692B9BBC7200E20926 /* GitHubberApp.swift */,
				CC82456D2B9BBC7600E20926 /* Assets.xcassets */,
				CC82456F2B9BBC7600E20926 /* Preview Content */,
			);
			path = GitHubber;
			sourceTree = "<group>";
		};
		CC82456F2B9BBC7600E20926 /* Preview Content */ = {
			isa = PBXGroup;
			children = (
				CC8245702B9BBC7600E20926 /* Preview Assets.xcassets */,
			);
			path = "Preview Content";
			sourceTree = "<group>";
		};
		CC8245772B9BC19600E20926 /* API */ = {
			isa = PBXGroup;
			children = (
				CC8245782B9BC1DD00E20926 /* RestApi.swift */,
				CC82457A2B9BC47C00E20926 /* GitHubApi */,
			);
			path = API;
			sourceTree = "<group>";
		};
		CC82457A2B9BC47C00E20926 /* GitHubApi */ = {
			isa = PBXGroup;
			children = (
				CC82457B2B9BC48F00E20926 /* GitHubApi.swift */,
				CC82457D2B9BC9E900E20926 /* GitHubModel.swift */,
			);
			path = GitHubApi;
			sourceTree = "<group>";
		};
		CC82457F2B9C8AAC00E20926 /* Views */ = {
			isa = PBXGroup;
			children = (
				CC8245822B9C8AD700E20926 /* Users */,
				CC82459C2B9CB7C400E20926 /* Repositories */,
				CC82458C2B9C90C700E20926 /* Shared */,
			);
			path = Views;
			sourceTree = "<group>";
		};
		CC8245802B9C8AB200E20926 /* ViewModels */ = {
			isa = PBXGroup;
			children = (
				CC8245812B9C8ACB00E20926 /* Users */,
				CC8245992B9CB74900E20926 /* Repositories */,
				CC8245932B9CA7E700E20926 /* Shared */,
			);
			path = ViewModels;
			sourceTree = "<group>";
		};
		CC8245812B9C8ACB00E20926 /* Users */ = {
			isa = PBXGroup;
			children = (
				CC8245832B9C8AEC00E20926 /* UserListViewModel.swift */,
			);
			path = Users;
			sourceTree = "<group>";
		};
		CC8245822B9C8AD700E20926 /* Users */ = {
			isa = PBXGroup;
			children = (
				CC82458A2B9C8BCD00E20926 /* UserListView.swift */,
				CC82458F2B9C99A000E20926 /* UserItemView.swift */,
				CC82459F2B9CB84F00E20926 /* UserDetailsView.swift */,
			);
			path = Users;
			sourceTree = "<group>";
		};
		CC8245852B9C8B7D00E20926 /* Utils */ = {
			isa = PBXGroup;
			children = (
				CC8245962B9CAC4E00E20926 /* Modifiers */,
				CC8245862B9C8B9000E20926 /* Extensions */,
				CC5409A42B9CC9FF00B6AD78 /* Colors.swift */,
			);
			path = Utils;
			sourceTree = "<group>";
		};
		CC8245862B9C8B9000E20926 /* Extensions */ = {
			isa = PBXGroup;
			children = (
				CC8245882B9C8BB200E20926 /* CombineExtensions.swift */,
			);
			path = Extensions;
			sourceTree = "<group>";
		};
		CC82458C2B9C90C700E20926 /* Shared */ = {
			isa = PBXGroup;
			children = (
				CC82458D2B9C90E600E20926 /* EmptyStateView.swift */,
				CC8245912B9C9A1500E20926 /* UserAvatarView.swift */,
			);
			path = Shared;
			sourceTree = "<group>";
		};
		CC8245932B9CA7E700E20926 /* Shared */ = {
			isa = PBXGroup;
			children = (
				CC8245942B9CA7F500E20926 /* AlertViewModel.swift */,
			);
			path = Shared;
			sourceTree = "<group>";
		};
		CC8245962B9CAC4E00E20926 /* Modifiers */ = {
			isa = PBXGroup;
			children = (
				CC8245972B9CAC5C00E20926 /* AlertModifier.swift */,
			);
			path = Modifiers;
			sourceTree = "<group>";
		};
		CC8245992B9CB74900E20926 /* Repositories */ = {
			isa = PBXGroup;
			children = (
				CC82459A2B9CB76B00E20926 /* RepositoryListViewModel.swift */,
			);
			path = Repositories;
			sourceTree = "<group>";
		};
		CC82459C2B9CB7C400E20926 /* Repositories */ = {
			isa = PBXGroup;
			children = (
				CC82459D2B9CB7E300E20926 /* RepositoryListView.swift */,
				CC5409A22B9CC4C900B6AD78 /* RepositoryItemView.swift */,
			);
			path = Repositories;
			sourceTree = "<group>";
		};
/* End PBXGroup section */

/* Begin PBXNativeTarget section */
		CC8245652B9BBC7200E20926 /* GitHubber */ = {
			isa = PBXNativeTarget;
			buildConfigurationList = CC8245742B9BBC7600E20926 /* Build configuration list for PBXNativeTarget "GitHubber" */;
			buildPhases = (
				CC8245622B9BBC7200E20926 /* Sources */,
				CC8245632B9BBC7200E20926 /* Frameworks */,
				CC8245642B9BBC7200E20926 /* Resources */,
			);
			buildRules = (
			);
			dependencies = (
			);
			name = GitHubber;
			productName = GitHubber;
			productReference = CC8245662B9BBC7200E20926 /* GitHubber.app */;
			productType = "com.apple.product-type.application";
		};
/* End PBXNativeTarget section */

/* Begin PBXProject section */
		CC82455E2B9BBC7200E20926 /* Project object */ = {
			isa = PBXProject;
			attributes = {
				BuildIndependentTargetsInParallel = 1;
				LastSwiftUpdateCheck = 1530;
				LastUpgradeCheck = 1530;
				TargetAttributes = {
					CC8245652B9BBC7200E20926 = {
						CreatedOnToolsVersion = 15.3;
					};
				};
			};
			buildConfigurationList = CC8245612B9BBC7200E20926 /* Build configuration list for PBXProject "GitHubber" */;
			compatibilityVersion = "Xcode 14.0";
			developmentRegion = en;
			hasScannedForEncodings = 0;
			knownRegions = (
				en,
				Base,
			);
			mainGroup = CC82455D2B9BBC7200E20926;
			productRefGroup = CC8245672B9BBC7200E20926 /* Products */;
			projectDirPath = "";
			projectRoot = "";
			targets = (
				CC8245652B9BBC7200E20926 /* GitHubber */,
			);
		};
/* End PBXProject section */

/* Begin PBXResourcesBuildPhase section */
		CC8245642B9BBC7200E20926 /* Resources */ = {
			isa = PBXResourcesBuildPhase;
			buildActionMask = 2147483647;
			files = (
				CC8245712B9BBC7600E20926 /* Preview Assets.xcassets in Resources */,
				CC82456E2B9BBC7600E20926 /* Assets.xcassets in Resources */,
			);
			runOnlyForDeploymentPostprocessing = 0;
		};
/* End PBXResourcesBuildPhase section */

/* Begin PBXSourcesBuildPhase section */
		CC8245622B9BBC7200E20926 /* Sources */ = {
			isa = PBXSourcesBuildPhase;
			buildActionMask = 2147483647;
			files = (
				CC82458B2B9C8BCD00E20926 /* UserListView.swift in Sources */,
				CC82459B2B9CB76B00E20926 /* RepositoryListViewModel.swift in Sources */,
				CC82459E2B9CB7E300E20926 /* RepositoryListView.swift in Sources */,
				CC5409A52B9CC9FF00B6AD78 /* Colors.swift in Sources */,
				CC8245982B9CAC5C00E20926 /* AlertModifier.swift in Sources */,
				CC82457E2B9BC9E900E20926 /* GitHubModel.swift in Sources */,
				CC8245922B9C9A1500E20926 /* UserAvatarView.swift in Sources */,
				CC82458E2B9C90E600E20926 /* EmptyStateView.swift in Sources */,
				CC82456A2B9BBC7200E20926 /* GitHubberApp.swift in Sources */,
				CC8245952B9CA7F500E20926 /* AlertViewModel.swift in Sources */,
				CC8245792B9BC1DD00E20926 /* RestApi.swift in Sources */,
				CC8245A02B9CB84F00E20926 /* UserDetailsView.swift in Sources */,
				CC8245892B9C8BB200E20926 /* CombineExtensions.swift in Sources */,
				CC82457C2B9BC48F00E20926 /* GitHubApi.swift in Sources */,
				CC5409A32B9CC4CA00B6AD78 /* RepositoryItemView.swift in Sources */,
				CC8245842B9C8AEC00E20926 /* UserListViewModel.swift in Sources */,
				CC8245902B9C99A000E20926 /* UserItemView.swift in Sources */,
			);
			runOnlyForDeploymentPostprocessing = 0;
		};
/* End PBXSourcesBuildPhase section */

/* Begin XCBuildConfiguration section */
		CC8245722B9BBC7600E20926 /* Debug */ = {
			isa = XCBuildConfiguration;
			buildSettings = {
				ALWAYS_SEARCH_USER_PATHS = NO;
				ASSETCATALOG_COMPILER_GENERATE_SWIFT_ASSET_SYMBOL_EXTENSIONS = YES;
				CLANG_ANALYZER_NONNULL = YES;
				CLANG_ANALYZER_NUMBER_OBJECT_CONVERSION = YES_AGGRESSIVE;
				CLANG_CXX_LANGUAGE_STANDARD = "gnu++20";
				CLANG_ENABLE_MODULES = YES;
				CLANG_ENABLE_OBJC_ARC = YES;
				CLANG_ENABLE_OBJC_WEAK = YES;
				CLANG_WARN_BLOCK_CAPTURE_AUTORELEASING = YES;
				CLANG_WARN_BOOL_CONVERSION = YES;
				CLANG_WARN_COMMA = YES;
				CLANG_WARN_CONSTANT_CONVERSION = YES;
				CLANG_WARN_DEPRECATED_OBJC_IMPLEMENTATIONS = YES;
				CLANG_WARN_DIRECT_OBJC_ISA_USAGE = YES_ERROR;
				CLANG_WARN_DOCUMENTATION_COMMENTS = YES;
				CLANG_WARN_EMPTY_BODY = YES;
				CLANG_WARN_ENUM_CONVERSION = YES;
				CLANG_WARN_INFINITE_RECURSION = YES;
				CLANG_WARN_INT_CONVERSION = YES;
				CLANG_WARN_NON_LITERAL_NULL_CONVERSION = YES;
				CLANG_WARN_OBJC_IMPLICIT_RETAIN_SELF = YES;
				CLANG_WARN_OBJC_LITERAL_CONVERSION = YES;
				CLANG_WARN_OBJC_ROOT_CLASS = YES_ERROR;
				CLANG_WARN_QUOTED_INCLUDE_IN_FRAMEWORK_HEADER = YES;
				CLANG_WARN_RANGE_LOOP_ANALYSIS = YES;
				CLANG_WARN_STRICT_PROTOTYPES = YES;
				CLANG_WARN_SUSPICIOUS_MOVE = YES;
				CLANG_WARN_UNGUARDED_AVAILABILITY = YES_AGGRESSIVE;
				CLANG_WARN_UNREACHABLE_CODE = YES;
				CLANG_WARN__DUPLICATE_METHOD_MATCH = YES;
				COPY_PHASE_STRIP = NO;
				DEBUG_INFORMATION_FORMAT = dwarf;
				ENABLE_STRICT_OBJC_MSGSEND = YES;
				ENABLE_TESTABILITY = YES;
				ENABLE_USER_SCRIPT_SANDBOXING = YES;
				GCC_C_LANGUAGE_STANDARD = gnu17;
				GCC_DYNAMIC_NO_PIC = NO;
				GCC_NO_COMMON_BLOCKS = YES;
				GCC_OPTIMIZATION_LEVEL = 0;
				GCC_PREPROCESSOR_DEFINITIONS = (
					"DEBUG=1",
					"$(inherited)",
				);
				GCC_WARN_64_TO_32_BIT_CONVERSION = YES;
				GCC_WARN_ABOUT_RETURN_TYPE = YES_ERROR;
				GCC_WARN_UNDECLARED_SELECTOR = YES;
				GCC_WARN_UNINITIALIZED_AUTOS = YES_AGGRESSIVE;
				GCC_WARN_UNUSED_FUNCTION = YES;
				GCC_WARN_UNUSED_VARIABLE = YES;
				IPHONEOS_DEPLOYMENT_TARGET = 17.4;
				LOCALIZATION_PREFERS_STRING_CATALOGS = YES;
				MTL_ENABLE_DEBUG_INFO = INCLUDE_SOURCE;
				MTL_FAST_MATH = YES;
				ONLY_ACTIVE_ARCH = YES;
				SDKROOT = iphoneos;
				SWIFT_ACTIVE_COMPILATION_CONDITIONS = "DEBUG $(inherited)";
				SWIFT_OPTIMIZATION_LEVEL = "-Onone";
			};
			name = Debug;
		};
		CC8245732B9BBC7600E20926 /* Release */ = {
			isa = XCBuildConfiguration;
			buildSettings = {
				ALWAYS_SEARCH_USER_PATHS = NO;
				ASSETCATALOG_COMPILER_GENERATE_SWIFT_ASSET_SYMBOL_EXTENSIONS = YES;
				CLANG_ANALYZER_NONNULL = YES;
				CLANG_ANALYZER_NUMBER_OBJECT_CONVERSION = YES_AGGRESSIVE;
				CLANG_CXX_LANGUAGE_STANDARD = "gnu++20";
				CLANG_ENABLE_MODULES = YES;
				CLANG_ENABLE_OBJC_ARC = YES;
				CLANG_ENABLE_OBJC_WEAK = YES;
				CLANG_WARN_BLOCK_CAPTURE_AUTORELEASING = YES;
				CLANG_WARN_BOOL_CONVERSION = YES;
				CLANG_WARN_COMMA = YES;
				CLANG_WARN_CONSTANT_CONVERSION = YES;
				CLANG_WARN_DEPRECATED_OBJC_IMPLEMENTATIONS = YES;
				CLANG_WARN_DIRECT_OBJC_ISA_USAGE = YES_ERROR;
				CLANG_WARN_DOCUMENTATION_COMMENTS = YES;
				CLANG_WARN_EMPTY_BODY = YES;
				CLANG_WARN_ENUM_CONVERSION = YES;
				CLANG_WARN_INFINITE_RECURSION = YES;
				CLANG_WARN_INT_CONVERSION = YES;
				CLANG_WARN_NON_LITERAL_NULL_CONVERSION = YES;
				CLANG_WARN_OBJC_IMPLICIT_RETAIN_SELF = YES;
				CLANG_WARN_OBJC_LITERAL_CONVERSION = YES;
				CLANG_WARN_OBJC_ROOT_CLASS = YES_ERROR;
				CLANG_WARN_QUOTED_INCLUDE_IN_FRAMEWORK_HEADER = YES;
				CLANG_WARN_RANGE_LOOP_ANALYSIS = YES;
				CLANG_WARN_STRICT_PROTOTYPES = YES;
				CLANG_WARN_SUSPICIOUS_MOVE = YES;
				CLANG_WARN_UNGUARDED_AVAILABILITY = YES_AGGRESSIVE;
				CLANG_WARN_UNREACHABLE_CODE = YES;
				CLANG_WARN__DUPLICATE_METHOD_MATCH = YES;
				COPY_PHASE_STRIP = NO;
				DEBUG_INFORMATION_FORMAT = "dwarf-with-dsym";
				ENABLE_NS_ASSERTIONS = NO;
				ENABLE_STRICT_OBJC_MSGSEND = YES;
				ENABLE_USER_SCRIPT_SANDBOXING = YES;
				GCC_C_LANGUAGE_STANDARD = gnu17;
				GCC_NO_COMMON_BLOCKS = YES;
				GCC_WARN_64_TO_32_BIT_CONVERSION = YES;
				GCC_WARN_ABOUT_RETURN_TYPE = YES_ERROR;
				GCC_WARN_UNDECLARED_SELECTOR = YES;
				GCC_WARN_UNINITIALIZED_AUTOS = YES_AGGRESSIVE;
				GCC_WARN_UNUSED_FUNCTION = YES;
				GCC_WARN_UNUSED_VARIABLE = YES;
				IPHONEOS_DEPLOYMENT_TARGET = 17.4;
				LOCALIZATION_PREFERS_STRING_CATALOGS = YES;
				MTL_ENABLE_DEBUG_INFO = NO;
				MTL_FAST_MATH = YES;
				SDKROOT = iphoneos;
				SWIFT_COMPILATION_MODE = wholemodule;
				VALIDATE_PRODUCT = YES;
			};
			name = Release;
		};
		CC8245752B9BBC7600E20926 /* Debug */ = {
			isa = XCBuildConfiguration;
			buildSettings = {
				ASSETCATALOG_COMPILER_APPICON_NAME = AppIcon;
				ASSETCATALOG_COMPILER_GLOBAL_ACCENT_COLOR_NAME = AccentColor;
				CODE_SIGN_STYLE = Automatic;
				CURRENT_PROJECT_VERSION = 1;
				DEVELOPMENT_ASSET_PATHS = "\"GitHubber/Preview Content\"";
				DEVELOPMENT_TEAM = 68YVHZF5M3;
				ENABLE_PREVIEWS = YES;
				GENERATE_INFOPLIST_FILE = YES;
				INFOPLIST_KEY_UIApplicationSceneManifest_Generation = YES;
				INFOPLIST_KEY_UIApplicationSupportsIndirectInputEvents = YES;
				INFOPLIST_KEY_UILaunchScreen_Generation = YES;
				INFOPLIST_KEY_UISupportedInterfaceOrientations = UIInterfaceOrientationPortrait;
				INFOPLIST_KEY_UISupportedInterfaceOrientations_iPad = "UIInterfaceOrientationLandscapeLeft UIInterfaceOrientationLandscapeRight UIInterfaceOrientationPortrait UIInterfaceOrientationPortraitUpsideDown";
				IPHONEOS_DEPLOYMENT_TARGET = 16.0;
				LD_RUNPATH_SEARCH_PATHS = (
					"$(inherited)",
					"@executable_path/Frameworks",
				);
				MARKETING_VERSION = 1.0;
				PRODUCT_BUNDLE_IDENTIFIER = com.codeflow.killex.interview.GitHubber;
				PRODUCT_NAME = "$(TARGET_NAME)";
				SUPPORTED_PLATFORMS = "iphoneos iphonesimulator";
				SUPPORTS_MACCATALYST = NO;
				SUPPORTS_MAC_DESIGNED_FOR_IPHONE_IPAD = NO;
				SUPPORTS_XR_DESIGNED_FOR_IPHONE_IPAD = NO;
				SWIFT_EMIT_LOC_STRINGS = YES;
				SWIFT_VERSION = 5.0;
				TARGETED_DEVICE_FAMILY = 1;
			};
			name = Debug;
		};
		CC8245762B9BBC7600E20926 /* Release */ = {
			isa = XCBuildConfiguration;
			buildSettings = {
				ASSETCATALOG_COMPILER_APPICON_NAME = AppIcon;
				ASSETCATALOG_COMPILER_GLOBAL_ACCENT_COLOR_NAME = AccentColor;
				CODE_SIGN_STYLE = Automatic;
				CURRENT_PROJECT_VERSION = 1;
				DEVELOPMENT_ASSET_PATHS = "\"GitHubber/Preview Content\"";
				DEVELOPMENT_TEAM = 68YVHZF5M3;
				ENABLE_PREVIEWS = YES;
				GENERATE_INFOPLIST_FILE = YES;
				INFOPLIST_KEY_UIApplicationSceneManifest_Generation = YES;
				INFOPLIST_KEY_UIApplicationSupportsIndirectInputEvents = YES;
				INFOPLIST_KEY_UILaunchScreen_Generation = YES;
				INFOPLIST_KEY_UISupportedInterfaceOrientations = UIInterfaceOrientationPortrait;
				INFOPLIST_KEY_UISupportedInterfaceOrientations_iPad = "UIInterfaceOrientationLandscapeLeft UIInterfaceOrientationLandscapeRight UIInterfaceOrientationPortrait UIInterfaceOrientationPortraitUpsideDown";
				IPHONEOS_DEPLOYMENT_TARGET = 16.0;
				LD_RUNPATH_SEARCH_PATHS = (
					"$(inherited)",
					"@executable_path/Frameworks",
				);
				MARKETING_VERSION = 1.0;
				PRODUCT_BUNDLE_IDENTIFIER = com.codeflow.killex.interview.GitHubber;
				PRODUCT_NAME = "$(TARGET_NAME)";
				SUPPORTED_PLATFORMS = "iphoneos iphonesimulator";
				SUPPORTS_MACCATALYST = NO;
				SUPPORTS_MAC_DESIGNED_FOR_IPHONE_IPAD = NO;
				SUPPORTS_XR_DESIGNED_FOR_IPHONE_IPAD = NO;
				SWIFT_EMIT_LOC_STRINGS = YES;
				SWIFT_VERSION = 5.0;
				TARGETED_DEVICE_FAMILY = 1;
			};
			name = Release;
		};
/* End XCBuildConfiguration section */

/* Begin XCConfigurationList section */
		CC8245612B9BBC7200E20926 /* Build configuration list for PBXProject "GitHubber" */ = {
			isa = XCConfigurationList;
			buildConfigurations = (
				CC8245722B9BBC7600E20926 /* Debug */,
				CC8245732B9BBC7600E20926 /* Release */,
			);
			defaultConfigurationIsVisible = 0;
			defaultConfigurationName = Release;
		};
		CC8245742B9BBC7600E20926 /* Build configuration list for PBXNativeTarget "GitHubber" */ = {
			isa = XCConfigurationList;
			buildConfigurations = (
				CC8245752B9BBC7600E20926 /* Debug */,
				CC8245762B9BBC7600E20926 /* Release */,
			);
			defaultConfigurationIsVisible = 0;
			defaultConfigurationName = Release;
		};
/* End XCConfigurationList section */
	};
	rootObject = CC82455E2B9BBC7200E20926 /* Project object */;
}
